
Microsoft Visual Studio Solution File, Format Version 12.00
# Visual Studio Version 17
VisualStudioVersion = 17.9.34616.47
MinimumVisualStudioVersion = 10.0.40219.1
Project("{FAE04EC0-301F-11D3-BF4B-00C04F79EFBC}") = "PPP1", "PPP1\PPP1.csproj", "{AA5AD798-2EE4-44A4-9EFE-C9C76B68D394}"
EndProject
Global
	GlobalSection(SolutionConfigurationPlatforms) = preSolution
		Debug|Any CPU = Debug|Any CPU
		Release|Any CPU = Release|Any CPU
	EndGlobalSection
	GlobalSection(ProjectConfigurationPlatforms) = postSolution
		{AA5AD798-2EE4-44A4-9EFE-C9C76B68D394}.Debug|Any CPU.ActiveCfg = Debug|Any CPU
		{AA5AD798-2EE4-44A4-9EFE-C9C76B68D394}.Debug|Any CPU.Build.0 = Debug|Any CPU
		{AA5AD798-2EE4-44A4-9EFE-C9C76B68D394}.Release|Any CPU.ActiveCfg = Release|Any CPU
		{AA5AD798-2EE4-44A4-9EFE-C9C76B68D394}.Release|Any CPU.Build.0 = Release|Any CPU
	EndGlobalSection
	GlobalSection(SolutionProperties) = preSolution
		HideSolutionNode = FALSE
	EndGlobalSection
	GlobalSection(ExtensibilityGlobals) = postSolution
		SolutionGuid = {DA5BB95C-63A3-4B1C-A951-81516A4D1C75}
	EndGlobalSection
EndGlobal
